
Microsoft Visual Studio Solution File, Format Version 12.00
# Visual Studio Version 16
VisualStudioVersion = 16.0.32428.217
MinimumVisualStudioVersion = 10.0.40219.1
Project("{FAE04EC0-301F-11D3-BF4B-00C04F79EFBC}") = "WebApiSysmap", "WebApiSysmap\WebApiSysmap.csproj", "{7A4EDB14-C4F3-4080-8A72-AB0A4662BB41}"
EndProject
Global
	GlobalSection(SolutionConfigurationPlatforms) = preSolution
		Debug|Any CPU = Debug|Any CPU
		Release|Any CPU = Release|Any CPU
	EndGlobalSection
	GlobalSection(ProjectConfigurationPlatforms) = postSolution
		{7A4EDB14-C4F3-4080-8A72-AB0A4662BB41}.Debug|Any CPU.ActiveCfg = Debug|Any CPU
		{7A4EDB14-C4F3-4080-8A72-AB0A4662BB41}.Debug|Any CPU.Build.0 = Debug|Any CPU
		{7A4EDB14-C4F3-4080-8A72-AB0A4662BB41}.Release|Any CPU.ActiveCfg = Release|Any CPU
		{7A4EDB14-C4F3-4080-8A72-AB0A4662BB41}.Release|Any CPU.Build.0 = Release|Any CPU
	EndGlobalSection
	GlobalSection(SolutionProperties) = preSolution
		HideSolutionNode = FALSE
	EndGlobalSection
	GlobalSection(ExtensibilityGlobals) = postSolution
		SolutionGuid = {A90C632F-BB05-4AB1-AD7E-785753B0266C}
	EndGlobalSection
EndGlobal
